
Microsoft Visual Studio Solution File, Format Version 12.00
# Visual Studio Version 17
VisualStudioVersion = 17.4.33110.190
MinimumVisualStudioVersion = 10.0.40219.1
Project("{FAE04EC0-301F-11D3-BF4B-00C04F79EFBC}") = "ArabaProjesi", "ArabaProjesi\ArabaProjesi.csproj", "{8BCAFF91-2722-40D5-9271-B92A82E3F4A5}"
EndProject
Global
	GlobalSection(SolutionConfigurationPlatforms) = preSolution
		Debug|Any CPU = Debug|Any CPU
		Release|Any CPU = Release|Any CPU
	EndGlobalSection
	GlobalSection(ProjectConfigurationPlatforms) = postSolution
		{8BCAFF91-2722-40D5-9271-B92A82E3F4A5}.Debug|Any CPU.ActiveCfg = Debug|Any CPU
		{8BCAFF91-2722-40D5-9271-B92A82E3F4A5}.Debug|Any CPU.Build.0 = Debug|Any CPU
		{8BCAFF91-2722-40D5-9271-B92A82E3F4A5}.Release|Any CPU.ActiveCfg = Release|Any CPU
		{8BCAFF91-2722-40D5-9271-B92A82E3F4A5}.Release|Any CPU.Build.0 = Release|Any CPU
	EndGlobalSection
	GlobalSection(SolutionProperties) = preSolution
		HideSolutionNode = FALSE
	EndGlobalSection
	GlobalSection(ExtensibilityGlobals) = postSolution
		SolutionGuid = {FFE12BC3-385C-4498-BA6A-CE880F42054F}
	EndGlobalSection
EndGlobal
